// !$*UTF8*$!
{
	archiveVersion = 1;
	classes = {
	};
	objectVersion = 50;
	objects = {

/* Begin PBXBuildFile section */
		0DE43BBDF72B03489BDACFB2 /* Pods_newsapp.framework in Frameworks */ = {isa = PBXBuildFile; fileRef = 1D5C99ED448C2F789F21CD08 /* Pods_newsapp.framework */; };
		48B9146122CA6FCF003ACD09 /* AppDelegate.swift in Sources */ = {isa = PBXBuildFile; fileRef = 48B9146022CA6FCF003ACD09 /* AppDelegate.swift */; };
		48B9146322CA6FCF003ACD09 /* ViewController.swift in Sources */ = {isa = PBXBuildFile; fileRef = 48B9146222CA6FCF003ACD09 /* ViewController.swift */; };
		48B9146622CA6FCF003ACD09 /* Main.storyboard in Resources */ = {isa = PBXBuildFile; fileRef = 48B9146422CA6FCF003ACD09 /* Main.storyboard */; };
		48B9146822CA6FD0003ACD09 /* Assets.xcassets in Resources */ = {isa = PBXBuildFile; fileRef = 48B9146722CA6FD0003ACD09 /* Assets.xcassets */; };
		48B9146B22CA6FD0003ACD09 /* LaunchScreen.storyboard in Resources */ = {isa = PBXBuildFile; fileRef = 48B9146922CA6FD0003ACD09 /* LaunchScreen.storyboard */; };
		48B9147622CA6FD0003ACD09 /* newsappTests.swift in Sources */ = {isa = PBXBuildFile; fileRef = 48B9147522CA6FD0003ACD09 /* newsappTests.swift */; };
		48B9148122CA6FD0003ACD09 /* newsappUITests.swift in Sources */ = {isa = PBXBuildFile; fileRef = 48B9148022CA6FD0003ACD09 /* newsappUITests.swift */; };
		48B9148F22CA72A2003ACD09 /* DetailViewController.swift in Sources */ = {isa = PBXBuildFile; fileRef = 48B9148E22CA72A2003ACD09 /* DetailViewController.swift */; };
		48B9149122CA72B8003ACD09 /* DetailTableViewCell.swift in Sources */ = {isa = PBXBuildFile; fileRef = 48B9149022CA72B8003ACD09 /* DetailTableViewCell.swift */; };
		48B9149322CA7372003ACD09 /* Article.swift in Sources */ = {isa = PBXBuildFile; fileRef = 48B9149222CA7372003ACD09 /* Article.swift */; };
		7FAD3728F8E43DB5E1AAFD9A /* Pods_newsappUITests.framework in Frameworks */ = {isa = PBXBuildFile; fileRef = C0C1FD718E93FF4AFDB44856 /* Pods_newsappUITests.framework */; };
		B66494BD0839943C384E8F7A /* Pods_newsappTests.framework in Frameworks */ = {isa = PBXBuildFile; fileRef = 545ADC66F440A62CE67BC8CC /* Pods_newsappTests.framework */; };
/* End PBXBuildFile section */

/* Begin PBXContainerItemProxy section */
		48B9147222CA6FD0003ACD09 /* PBXContainerItemProxy */ = {
			isa = PBXContainerItemProxy;
			containerPortal = 48B9145522CA6FCF003ACD09 /* Project object */;
			proxyType = 1;
			remoteGlobalIDString = 48B9145C22CA6FCF003ACD09;
			remoteInfo = newsapp;
		};
		48B9147D22CA6FD0003ACD09 /* PBXContainerItemProxy */ = {
			isa = PBXContainerItemProxy;
			containerPortal = 48B9145522CA6FCF003ACD09 /* Project object */;
			proxyType = 1;
			remoteGlobalIDString = 48B9145C22CA6FCF003ACD09;
			remoteInfo = newsapp;
		};
/* End PBXContainerItemProxy section */

/* Begin PBXFileReference section */
		1D5C99ED448C2F789F21CD08 /* Pods_newsapp.framework */ = {isa = PBXFileReference; explicitFileType = wrapper.framework; includeInIndex = 0; path = Pods_newsapp.framework; sourceTree = BUILT_PRODUCTS_DIR; };
		365ABE6607735FD58C781ADE /* Pods-newsapp.debug.xcconfig */ = {isa = PBXFileReference; includeInIndex = 1; lastKnownFileType = text.xcconfig; name = "Pods-newsapp.debug.xcconfig"; path = "Target Support Files/Pods-newsapp/Pods-newsapp.debug.xcconfig"; sourceTree = "<group>"; };
		48B9145D22CA6FCF003ACD09 /* newsapp.app */ = {isa = PBXFileReference; explicitFileType = wrapper.application; includeInIndex = 0; path = newsapp.app; sourceTree = BUILT_PRODUCTS_DIR; };
		48B9146022CA6FCF003ACD09 /* AppDelegate.swift */ = {isa = PBXFileReference; lastKnownFileType = sourcecode.swift; path = AppDelegate.swift; sourceTree = "<group>"; };
		48B9146222CA6FCF003ACD09 /* ViewController.swift */ = {isa = PBXFileReference; lastKnownFileType = sourcecode.swift; path = ViewController.swift; sourceTree = "<group>"; };
		48B9146522CA6FCF003ACD09 /* Base */ = {isa = PBXFileReference; lastKnownFileType = file.storyboard; name = Base; path = Base.lproj/Main.storyboard; sourceTree = "<group>"; };
		48B9146722CA6FD0003ACD09 /* Assets.xcassets */ = {isa = PBXFileReference; lastKnownFileType = folder.assetcatalog; path = Assets.xcassets; sourceTree = "<group>"; };
		48B9146A22CA6FD0003ACD09 /* Base */ = {isa = PBXFileReference; lastKnownFileType = file.storyboard; name = Base; path = Base.lproj/LaunchScreen.storyboard; sourceTree = "<group>"; };
		48B9146C22CA6FD0003ACD09 /* Info.plist */ = {isa = PBXFileReference; lastKnownFileType = text.plist.xml; path = Info.plist; sourceTree = "<group>"; };
		48B9147122CA6FD0003ACD09 /* newsappTests.xctest */ = {isa = PBXFileReference; explicitFileType = wrapper.cfbundle; includeInIndex = 0; path = newsappTests.xctest; sourceTree = BUILT_PRODUCTS_DIR; };
		48B9147522CA6FD0003ACD09 /* newsappTests.swift */ = {isa = PBXFileReference; lastKnownFileType = sourcecode.swift; path = newsappTests.swift; sourceTree = "<group>"; };
		48B9147722CA6FD0003ACD09 /* Info.plist */ = {isa = PBXFileReference; lastKnownFileType = text.plist.xml; path = Info.plist; sourceTree = "<group>"; };
		48B9147C22CA6FD0003ACD09 /* newsappUITests.xctest */ = {isa = PBXFileReference; explicitFileType = wrapper.cfbundle; includeInIndex = 0; path = newsappUITests.xctest; sourceTree = BUILT_PRODUCTS_DIR; };
		48B9148022CA6FD0003ACD09 /* newsappUITests.swift */ = {isa = PBXFileReference; lastKnownFileType = sourcecode.swift; path = newsappUITests.swift; sourceTree = "<group>"; };
		48B9148222CA6FD0003ACD09 /* Info.plist */ = {isa = PBXFileReference; lastKnownFileType = text.plist.xml; path = Info.plist; sourceTree = "<group>"; };
		48B9148E22CA72A2003ACD09 /* DetailViewController.swift */ = {isa = PBXFileReference; lastKnownFileType = sourcecode.swift; path = DetailViewController.swift; sourceTree = "<group>"; };
		48B9149022CA72B8003ACD09 /* DetailTableViewCell.swift */ = {isa = PBXFileReference; lastKnownFileType = sourcecode.swift; path = DetailTableViewCell.swift; sourceTree = "<group>"; };
		48B9149222CA7372003ACD09 /* Article.swift */ = {isa = PBXFileReference; lastKnownFileType = sourcecode.swift; path = Article.swift; sourceTree = "<group>"; };
		4D015D9FAEC4B447A1A4C0B7 /* Pods-newsappUITests.debug.xcconfig */ = {isa = PBXFileReference; includeInIndex = 1; lastKnownFileType = text.xcconfig; name = "Pods-newsappUITests.debug.xcconfig"; path = "Target Support Files/Pods-newsappUITests/Pods-newsappUITests.debug.xcconfig"; sourceTree = "<group>"; };
		545ADC66F440A62CE67BC8CC /* Pods_newsappTests.framework */ = {isa = PBXFileReference; explicitFileType = wrapper.framework; includeInIndex = 0; path = Pods_newsappTests.framework; sourceTree = BUILT_PRODUCTS_DIR; };
		811A3B7591D431136E54CD45 /* Pods-newsappUITests.release.xcconfig */ = {isa = PBXFileReference; includeInIndex = 1; lastKnownFileType = text.xcconfig; name = "Pods-newsappUITests.release.xcconfig"; path = "Target Support Files/Pods-newsappUITests/Pods-newsappUITests.release.xcconfig"; sourceTree = "<group>"; };
		BBEBEDA94EB00577E3BCA356 /* Pods-newsapp.release.xcconfig */ = {isa = PBXFileReference; includeInIndex = 1; lastKnownFileType = text.xcconfig; name = "Pods-newsapp.release.xcconfig"; path = "Target Support Files/Pods-newsapp/Pods-newsapp.release.xcconfig"; sourceTree = "<group>"; };
		C0C1FD718E93FF4AFDB44856 /* Pods_newsappUITests.framework */ = {isa = PBXFileReference; explicitFileType = wrapper.framework; includeInIndex = 0; path = Pods_newsappUITests.framework; sourceTree = BUILT_PRODUCTS_DIR; };
		DD2343A531E3119BA9717BFB /* Pods-newsappTests.release.xcconfig */ = {isa = PBXFileReference; includeInIndex = 1; lastKnownFileType = text.xcconfig; name = "Pods-newsappTests.release.xcconfig"; path = "Target Support Files/Pods-newsappTests/Pods-newsappTests.release.xcconfig"; sourceTree = "<group>"; };
		E7414C40FD8F1962D6B0CBE3 /* Pods-newsappTests.debug.xcconfig */ = {isa = PBXFileReference; includeInIndex = 1; lastKnownFileType = text.xcconfig; name = "Pods-newsappTests.debug.xcconfig"; path = "Target Support Files/Pods-newsappTests/Pods-newsappTests.debug.xcconfig"; sourceTree = "<group>"; };
/* End PBXFileReference section */

/* Begin PBXFrameworksBuildPhase section */
		48B9145A22CA6FCF003ACD09 /* Frameworks */ = {
			isa = PBXFrameworksBuildPhase;
			buildActionMask = 2147483647;
			files = (
				0DE43BBDF72B03489BDACFB2 /* Pods_newsapp.framework in Frameworks */,
			);
			runOnlyForDeploymentPostprocessing = 0;
		};
		48B9146E22CA6FD0003ACD09 /* Frameworks */ = {
			isa = PBXFrameworksBuildPhase;
			buildActionMask = 2147483647;
			files = (
				B66494BD0839943C384E8F7A /* Pods_newsappTests.framework in Frameworks */,
			);
			runOnlyForDeploymentPostprocessing = 0;
		};
		48B9147922CA6FD0003ACD09 /* Frameworks */ = {
			isa = PBXFrameworksBuildPhase;
			buildActionMask = 2147483647;
			files = (
				7FAD3728F8E43DB5E1AAFD9A /* Pods_newsappUITests.framework in Frameworks */,
			);
			runOnlyForDeploymentPostprocessing = 0;
		};
/* End PBXFrameworksBuildPhase section */

/* Begin PBXGroup section */
		02A5C229ECF925C10D396A50 /* Frameworks */ = {
			isa = PBXGroup;
			children = (
				1D5C99ED448C2F789F21CD08 /* Pods_newsapp.framework */,
				545ADC66F440A62CE67BC8CC /* Pods_newsappTests.framework */,
				C0C1FD718E93FF4AFDB44856 /* Pods_newsappUITests.framework */,
			);
			name = Frameworks;
			sourceTree = "<group>";
		};
		21CDE9FB6D15CF216F064F13 /* Pods */ = {
			isa = PBXGroup;
			children = (
				365ABE6607735FD58C781ADE /* Pods-newsapp.debug.xcconfig */,
				BBEBEDA94EB00577E3BCA356 /* Pods-newsapp.release.xcconfig */,
				E7414C40FD8F1962D6B0CBE3 /* Pods-newsappTests.debug.xcconfig */,
				DD2343A531E3119BA9717BFB /* Pods-newsappTests.release.xcconfig */,
				4D015D9FAEC4B447A1A4C0B7 /* Pods-newsappUITests.debug.xcconfig */,
				811A3B7591D431136E54CD45 /* Pods-newsappUITests.release.xcconfig */,
			);
			path = Pods;
			sourceTree = "<group>";
		};
		48B9145422CA6FCF003ACD09 = {
			isa = PBXGroup;
			children = (
				48B9145F22CA6FCF003ACD09 /* newsapp */,
				48B9147422CA6FD0003ACD09 /* newsappTests */,
				48B9147F22CA6FD0003ACD09 /* newsappUITests */,
				48B9145E22CA6FCF003ACD09 /* Products */,
				21CDE9FB6D15CF216F064F13 /* Pods */,
				02A5C229ECF925C10D396A50 /* Frameworks */,
			);
			sourceTree = "<group>";
		};
		48B9145E22CA6FCF003ACD09 /* Products */ = {
			isa = PBXGroup;
			children = (
				48B9145D22CA6FCF003ACD09 /* newsapp.app */,
				48B9147122CA6FD0003ACD09 /* newsappTests.xctest */,
				48B9147C22CA6FD0003ACD09 /* newsappUITests.xctest */,
			);
			name = Products;
			sourceTree = "<group>";
		};
		48B9145F22CA6FCF003ACD09 /* newsapp */ = {
			isa = PBXGroup;
			children = (
				48B9146022CA6FCF003ACD09 /* AppDelegate.swift */,
				48B9146222CA6FCF003ACD09 /* ViewController.swift */,
				48B9146422CA6FCF003ACD09 /* Main.storyboard */,
				48B9146722CA6FD0003ACD09 /* Assets.xcassets */,
				48B9146922CA6FD0003ACD09 /* LaunchScreen.storyboard */,
				48B9146C22CA6FD0003ACD09 /* Info.plist */,
				48B9148E22CA72A2003ACD09 /* DetailViewController.swift */,
				48B9149022CA72B8003ACD09 /* DetailTableViewCell.swift */,
				48B9149222CA7372003ACD09 /* Article.swift */,
			);
			path = newsapp;
			sourceTree = "<group>";
		};
		48B9147422CA6FD0003ACD09 /* newsappTests */ = {
			isa = PBXGroup;
			children = (
				48B9147522CA6FD0003ACD09 /* newsappTests.swift */,
				48B9147722CA6FD0003ACD09 /* Info.plist */,
			);
			path = newsappTests;
			sourceTree = "<group>";
		};
		48B9147F22CA6FD0003ACD09 /* newsappUITests */ = {
			isa = PBXGroup;
			children = (
				48B9148022CA6FD0003ACD09 /* newsappUITests.swift */,
				48B9148222CA6FD0003ACD09 /* Info.plist */,
			);
			path = newsappUITests;
			sourceTree = "<group>";
		};
/* End PBXGroup section */

/* Begin PBXNativeTarget section */
		48B9145C22CA6FCF003ACD09 /* newsapp */ = {
			isa = PBXNativeTarget;
			buildConfigurationList = 48B9148522CA6FD0003ACD09 /* Build configuration list for PBXNativeTarget "newsapp" */;
			buildPhases = (
				0245ED56142067136E658DE3 /* [CP] Check Pods Manifest.lock */,
				48B9145922CA6FCF003ACD09 /* Sources */,
				48B9145A22CA6FCF003ACD09 /* Frameworks */,
				48B9145B22CA6FCF003ACD09 /* Resources */,
				7BF8B95F39726EB4D10A083A /* [CP] Embed Pods Frameworks */,
			);
			buildRules = (
			);
			dependencies = (
			);
			name = newsapp;
			productName = newsapp;
			productReference = 48B9145D22CA6FCF003ACD09 /* newsapp.app */;
			productType = "com.apple.product-type.application";
		};
		48B9147022CA6FD0003ACD09 /* newsappTests */ = {
			isa = PBXNativeTarget;
			buildConfigurationList = 48B9148822CA6FD0003ACD09 /* Build configuration list for PBXNativeTarget "newsappTests" */;
			buildPhases = (
				FF0E5F6D687D0DB858E5D22A /* [CP] Check Pods Manifest.lock */,
				48B9146D22CA6FD0003ACD09 /* Sources */,
				48B9146E22CA6FD0003ACD09 /* Frameworks */,
				48B9146F22CA6FD0003ACD09 /* Resources */,
			);
			buildRules = (
			);
			dependencies = (
				48B9147322CA6FD0003ACD09 /* PBXTargetDependency */,
			);
			name = newsappTests;
			productName = newsappTests;
			productReference = 48B9147122CA6FD0003ACD09 /* newsappTests.xctest */;
			productType = "com.apple.product-type.bundle.unit-test";
		};
		48B9147B22CA6FD0003ACD09 /* newsappUITests */ = {
			isa = PBXNativeTarget;
			buildConfigurationList = 48B9148B22CA6FD0003ACD09 /* Build configuration list for PBXNativeTarget "newsappUITests" */;
			buildPhases = (
				7A935DC73F9D47ED281B157D /* [CP] Check Pods Manifest.lock */,
				48B9147822CA6FD0003ACD09 /* Sources */,
				48B9147922CA6FD0003ACD09 /* Frameworks */,
				48B9147A22CA6FD0003ACD09 /* Resources */,
			);
			buildRules = (
			);
			dependencies = (
				48B9147E22CA6FD0003ACD09 /* PBXTargetDependency */,
			);
			name = newsappUITests;
			productName = newsappUITests;
			productReference = 48B9147C22CA6FD0003ACD09 /* newsappUITests.xctest */;
			productType = "com.apple.product-type.bundle.ui-testing";
		};
/* End PBXNativeTarget section */

/* Begin PBXProject section */
		48B9145522CA6FCF003ACD09 /* Project object */ = {
			isa = PBXProject;
			attributes = {
				LastSwiftUpdateCheck = 1020;
				LastUpgradeCheck = 1020;
				ORGANIZATIONNAME = HYEOKBOOK;
				TargetAttributes = {
					48B9145C22CA6FCF003ACD09 = {
						CreatedOnToolsVersion = 10.2.1;
					};
					48B9147022CA6FD0003ACD09 = {
						CreatedOnToolsVersion = 10.2.1;
						TestTargetID = 48B9145C22CA6FCF003ACD09;
					};
					48B9147B22CA6FD0003ACD09 = {
						CreatedOnToolsVersion = 10.2.1;
						TestTargetID = 48B9145C22CA6FCF003ACD09;
					};
				};
			};
			buildConfigurationList = 48B9145822CA6FCF003ACD09 /* Build configuration list for PBXProject "newsapp" */;
			compatibilityVersion = "Xcode 9.3";
			developmentRegion = en;
			hasScannedForEncodings = 0;
			knownRegions = (
				en,
				Base,
			);
			mainGroup = 48B9145422CA6FCF003ACD09;
			productRefGroup = 48B9145E22CA6FCF003ACD09 /* Products */;
			projectDirPath = "";
			projectRoot = "";
			targets = (
				48B9145C22CA6FCF003ACD09 /* newsapp */,
				48B9147022CA6FD0003ACD09 /* newsappTests */,
				48B9147B22CA6FD0003ACD09 /* newsappUITests */,
			);
		};
/* End PBXProject section */

/* Begin PBXResourcesBuildPhase section */
		48B9145B22CA6FCF003ACD09 /* Resources */ = {
			isa = PBXResourcesBuildPhase;
			buildActionMask = 2147483647;
			files = (
				48B9146B22CA6FD0003ACD09 /* LaunchScreen.storyboard in Resources */,
				48B9146822CA6FD0003ACD09 /* Assets.xcassets in Resources */,
				48B9146622CA6FCF003ACD09 /* Main.storyboard in Resources */,
			);
			runOnlyForDeploymentPostprocessing = 0;
		};
		48B9146F22CA6FD0003ACD09 /* Resources */ = {
			isa = PBXResourcesBuildPhase;
			buildActionMask = 2147483647;
			files = (
			);
			runOnlyForDeploymentPostprocessing = 0;
		};
		48B9147A22CA6FD0003ACD09 /* Resources */ = {
			isa = PBXResourcesBuildPhase;
			buildActionMask = 2147483647;
			files = (
			);
			runOnlyForDeploymentPostprocessing = 0;
		};
/* End PBXResourcesBuildPhase section */

/* Begin PBXShellScriptBuildPhase section */
		0245ED56142067136E658DE3 /* [CP] Check Pods Manifest.lock */ = {
			isa = PBXShellScriptBuildPhase;
			buildActionMask = 2147483647;
			files = (
			);
			inputFileListPaths = (
			);
			inputPaths = (
				"${PODS_PODFILE_DIR_PATH}/Podfile.lock",
				"${PODS_ROOT}/Manifest.lock",
			);
			name = "[CP] Check Pods Manifest.lock";
			outputFileListPaths = (
			);
			outputPaths = (
				"$(DERIVED_FILE_DIR)/Pods-newsapp-checkManifestLockResult.txt",
			);
			runOnlyForDeploymentPostprocessing = 0;
			shellPath = /bin/sh;
			shellScript = "diff \"${PODS_PODFILE_DIR_PATH}/Podfile.lock\" \"${PODS_ROOT}/Manifest.lock\" > /dev/null\nif [ $? != 0 ] ; then\n    # print error to STDERR\n    echo \"error: The sandbox is not in sync with the Podfile.lock. Run 'pod install' or update your CocoaPods installation.\" >&2\n    exit 1\nfi\n# This output is used by Xcode 'outputs' to avoid re-running this script phase.\necho \"SUCCESS\" > \"${SCRIPT_OUTPUT_FILE_0}\"\n";
			showEnvVarsInLog = 0;
		};
		7A935DC73F9D47ED281B157D /* [CP] Check Pods Manifest.lock */ = {
			isa = PBXShellScriptBuildPhase;
			buildActionMask = 2147483647;
			files = (
			);
			inputFileListPaths = (
			);
			inputPaths = (
				"${PODS_PODFILE_DIR_PATH}/Podfile.lock",
				"${PODS_ROOT}/Manifest.lock",
			);
			name = "[CP] Check Pods Manifest.lock";
			outputFileListPaths = (
			);
			outputPaths = (
				"$(DERIVED_FILE_DIR)/Pods-newsappUITests-checkManifestLockResult.txt",
			);
			runOnlyForDeploymentPostprocessing = 0;
			shellPath = /bin/sh;
			shellScript = "diff \"${PODS_PODFILE_DIR_PATH}/Podfile.lock\" \"${PODS_ROOT}/Manifest.lock\" > /dev/null\nif [ $? != 0 ] ; then\n    # print error to STDERR\n    echo \"error: The sandbox is not in sync with the Podfile.lock. Run 'pod install' or update your CocoaPods installation.\" >&2\n    exit 1\nfi\n# This output is used by Xcode 'outputs' to avoid re-running this script phase.\necho \"SUCCESS\" > \"${SCRIPT_OUTPUT_FILE_0}\"\n";
			showEnvVarsInLog = 0;
		};
		7BF8B95F39726EB4D10A083A /* [CP] Embed Pods Frameworks */ = {
			isa = PBXShellScriptBuildPhase;
			buildActionMask = 2147483647;
			files = (
			);
			inputFileListPaths = (
			);
			inputPaths = (
				"${PODS_ROOT}/Target Support Files/Pods-newsapp/Pods-newsapp-frameworks.sh",
				"${BUILT_PRODUCTS_DIR}/Alamofire/Alamofire.framework",
				"${BUILT_PRODUCTS_DIR}/Kingfisher/Kingfisher.framework",
				"${BUILT_PRODUCTS_DIR}/SVProgressHUD/SVProgressHUD.framework",
			);
			name = "[CP] Embed Pods Frameworks";
			outputFileListPaths = (
			);
			outputPaths = (
				"${TARGET_BUILD_DIR}/${FRAMEWORKS_FOLDER_PATH}/Alamofire.framework",
				"${TARGET_BUILD_DIR}/${FRAMEWORKS_FOLDER_PATH}/Kingfisher.framework",
				"${TARGET_BUILD_DIR}/${FRAMEWORKS_FOLDER_PATH}/SVProgressHUD.framework",
			);
			runOnlyForDeploymentPostprocessing = 0;
			shellPath = /bin/sh;
			shellScript = "\"${PODS_ROOT}/Target Support Files/Pods-newsapp/Pods-newsapp-frameworks.sh\"\n";
			showEnvVarsInLog = 0;
		};
		FF0E5F6D687D0DB858E5D22A /* [CP] Check Pods Manifest.lock */ = {
			isa = PBXShellScriptBuildPhase;
			buildActionMask = 2147483647;
			files = (
			);
			inputFileListPaths = (
			);
			inputPaths = (
				"${PODS_PODFILE_DIR_PATH}/Podfile.lock",
				"${PODS_ROOT}/Manifest.lock",
			);
			name = "[CP] Check Pods Manifest.lock";
			outputFileListPaths = (
			);
			outputPaths = (
				"$(DERIVED_FILE_DIR)/Pods-newsappTests-checkManifestLockResult.txt",
			);
			runOnlyForDeploymentPostprocessing = 0;
			shellPath = /bin/sh;
			shellScript = "diff \"${PODS_PODFILE_DIR_PATH}/Podfile.lock\" \"${PODS_ROOT}/Manifest.lock\" > /dev/null\nif [ $? != 0 ] ; then\n    # print error to STDERR\n    echo \"error: The sandbox is not in sync with the Podfile.lock. Run 'pod install' or update your CocoaPods installation.\" >&2\n    exit 1\nfi\n# This output is used by Xcode 'outputs' to avoid re-running this script phase.\necho \"SUCCESS\" > \"${SCRIPT_OUTPUT_FILE_0}\"\n";
			showEnvVarsInLog = 0;
		};
/* End PBXShellScriptBuildPhase section */

/* Begin PBXSourcesBuildPhase section */
		48B9145922CA6FCF003ACD09 /* Sources */ = {
			isa = PBXSourcesBuildPhase;
			buildActionMask = 2147483647;
			files = (
				48B9148F22CA72A2003ACD09 /* DetailViewController.swift in Sources */,
				48B9146322CA6FCF003ACD09 /* ViewController.swift in Sources */,
				48B9149122CA72B8003ACD09 /* DetailTableViewCell.swift in Sources */,
				48B9146122CA6FCF003ACD09 /* AppDelegate.swift in Sources */,
				48B9149322CA7372003ACD09 /* Article.swift in Sources */,
			);
			runOnlyForDeploymentPostprocessing = 0;
		};
		48B9146D22CA6FD0003ACD09 /* Sources */ = {
			isa = PBXSourcesBuildPhase;
			buildActionMask = 2147483647;
			files = (
				48B9147622CA6FD0003ACD09 /* newsappTests.swift in Sources */,
			);
			runOnlyForDeploymentPostprocessing = 0;
		};
		48B9147822CA6FD0003ACD09 /* Sources */ = {
			isa = PBXSourcesBuildPhase;
			buildActionMask = 2147483647;
			files = (
				48B9148122CA6FD0003ACD09 /* newsappUITests.swift in Sources */,
			);
			runOnlyForDeploymentPostprocessing = 0;
		};
/* End PBXSourcesBuildPhase section */

/* Begin PBXTargetDependency section */
		48B9147322CA6FD0003ACD09 /* PBXTargetDependency */ = {
			isa = PBXTargetDependency;
			target = 48B9145C22CA6FCF003ACD09 /* newsapp */;
			targetProxy = 48B9147222CA6FD0003ACD09 /* PBXContainerItemProxy */;
		};
		48B9147E22CA6FD0003ACD09 /* PBXTargetDependency */ = {
			isa = PBXTargetDependency;
			target = 48B9145C22CA6FCF003ACD09 /* newsapp */;
			targetProxy = 48B9147D22CA6FD0003ACD09 /* PBXContainerItemProxy */;
		};
/* End PBXTargetDependency section */

/* Begin PBXVariantGroup section */
		48B9146422CA6FCF003ACD09 /* Main.storyboard */ = {
			isa = PBXVariantGroup;
			children = (
				48B9146522CA6FCF003ACD09 /* Base */,
			);
			name = Main.storyboard;
			sourceTree = "<group>";
		};
		48B9146922CA6FD0003ACD09 /* LaunchScreen.storyboard */ = {
			isa = PBXVariantGroup;
			children = (
				48B9146A22CA6FD0003ACD09 /* Base */,
			);
			name = LaunchScreen.storyboard;
			sourceTree = "<group>";
		};
/* End PBXVariantGroup section */

/* Begin XCBuildConfiguration section */
		48B9148322CA6FD0003ACD09 /* Debug */ = {
			isa = XCBuildConfiguration;
			buildSettings = {
				ALWAYS_SEARCH_USER_PATHS = NO;
				CLANG_ANALYZER_NONNULL = YES;
				CLANG_ANALYZER_NUMBER_OBJECT_CONVERSION = YES_AGGRESSIVE;
				CLANG_CXX_LANGUAGE_STANDARD = "gnu++14";
				CLANG_CXX_LIBRARY = "libc++";
				CLANG_ENABLE_MODULES = YES;
				CLANG_ENABLE_OBJC_ARC = YES;
				CLANG_ENABLE_OBJC_WEAK = YES;
				CLANG_WARN_BLOCK_CAPTURE_AUTORELEASING = YES;
				CLANG_WARN_BOOL_CONVERSION = YES;
				CLANG_WARN_COMMA = YES;
				CLANG_WARN_CONSTANT_CONVERSION = YES;
				CLANG_WARN_DEPRECATED_OBJC_IMPLEMENTATIONS = YES;
				CLANG_WARN_DIRECT_OBJC_ISA_USAGE = YES_ERROR;
				CLANG_WARN_DOCUMENTATION_COMMENTS = YES;
				CLANG_WARN_EMPTY_BODY = YES;
				CLANG_WARN_ENUM_CONVERSION = YES;
				CLANG_WARN_INFINITE_RECURSION = YES;
				CLANG_WARN_INT_CONVERSION = YES;
				CLANG_WARN_NON_LITERAL_NULL_CONVERSION = YES;
				CLANG_WARN_OBJC_IMPLICIT_RETAIN_SELF = YES;
				CLANG_WARN_OBJC_LITERAL_CONVERSION = YES;
				CLANG_WARN_OBJC_ROOT_CLASS = YES_ERROR;
				CLANG_WARN_RANGE_LOOP_ANALYSIS = YES;
				CLANG_WARN_STRICT_PROTOTYPES = YES;
				CLANG_WARN_SUSPICIOUS_MOVE = YES;
				CLANG_WARN_UNGUARDED_AVAILABILITY = YES_AGGRESSIVE;
				CLANG_WARN_UNREACHABLE_CODE = YES;
				CLANG_WARN__DUPLICATE_METHOD_MATCH = YES;
				CODE_SIGN_IDENTITY = "iPhone Developer";
				COPY_PHASE_STRIP = NO;
				DEBUG_INFORMATION_FORMAT = dwarf;
				ENABLE_STRICT_OBJC_MSGSEND = YES;
				ENABLE_TESTABILITY = YES;
				GCC_C_LANGUAGE_STANDARD = gnu11;
				GCC_DYNAMIC_NO_PIC = NO;
				GCC_NO_COMMON_BLOCKS = YES;
				GCC_OPTIMIZATION_LEVEL = 0;
				GCC_PREPROCESSOR_DEFINITIONS = (
					"DEBUG=1",
					"$(inherited)",
				);
				GCC_WARN_64_TO_32_BIT_CONVERSION = YES;
				GCC_WARN_ABOUT_RETURN_TYPE = YES_ERROR;
				GCC_WARN_UNDECLARED_SELECTOR = YES;
				GCC_WARN_UNINITIALIZED_AUTOS = YES_AGGRESSIVE;
				GCC_WARN_UNUSED_FUNCTION = YES;
				GCC_WARN_UNUSED_VARIABLE = YES;
				IPHONEOS_DEPLOYMENT_TARGET = 12.2;
				MTL_ENABLE_DEBUG_INFO = INCLUDE_SOURCE;
				MTL_FAST_MATH = YES;
				ONLY_ACTIVE_ARCH = YES;
				SDKROOT = iphoneos;
				SWIFT_ACTIVE_COMPILATION_CONDITIONS = DEBUG;
				SWIFT_OPTIMIZATION_LEVEL = "-Onone";
			};
			name = Debug;
		};
		48B9148422CA6FD0003ACD09 /* Release */ = {
			isa = XCBuildConfiguration;
			buildSettings = {
				ALWAYS_SEARCH_USER_PATHS = NO;
				CLANG_ANALYZER_NONNULL = YES;
				CLANG_ANALYZER_NUMBER_OBJECT_CONVERSION = YES_AGGRESSIVE;
				CLANG_CXX_LANGUAGE_STANDARD = "gnu++14";
				CLANG_CXX_LIBRARY = "libc++";
				CLANG_ENABLE_MODULES = YES;
				CLANG_ENABLE_OBJC_ARC = YES;
				CLANG_ENABLE_OBJC_WEAK = YES;
				CLANG_WARN_BLOCK_CAPTURE_AUTORELEASING = YES;
				CLANG_WARN_BOOL_CONVERSION = YES;
				CLANG_WARN_COMMA = YES;
				CLANG_WARN_CONSTANT_CONVERSION = YES;
				CLANG_WARN_DEPRECATED_OBJC_IMPLEMENTATIONS = YES;
				CLANG_WARN_DIRECT_OBJC_ISA_USAGE = YES_ERROR;
				CLANG_WARN_DOCUMENTATION_COMMENTS = YES;
				CLANG_WARN_EMPTY_BODY = YES;
				CLANG_WARN_ENUM_CONVERSION = YES;
				CLANG_WARN_INFINITE_RECURSION = YES;
				CLANG_WARN_INT_CONVERSION = YES;
				CLANG_WARN_NON_LITERAL_NULL_CONVERSION = YES;
				CLANG_WARN_OBJC_IMPLICIT_RETAIN_SELF = YES;
				CLANG_WARN_OBJC_LITERAL_CONVERSION = YES;
				CLANG_WARN_OBJC_ROOT_CLASS = YES_ERROR;
				CLANG_WARN_RANGE_LOOP_ANALYSIS = YES;
				CLANG_WARN_STRICT_PROTOTYPES = YES;
				CLANG_WARN_SUSPICIOUS_MOVE = YES;
				CLANG_WARN_UNGUARDED_AVAILABILITY = YES_AGGRESSIVE;
				CLANG_WARN_UNREACHABLE_CODE = YES;
				CLANG_WARN__DUPLICATE_METHOD_MATCH = YES;
				CODE_SIGN_IDENTITY = "iPhone Developer";
				COPY_PHASE_STRIP = NO;
				DEBUG_INFORMATION_FORMAT = "dwarf-with-dsym";
				ENABLE_NS_ASSERTIONS = NO;
				ENABLE_STRICT_OBJC_MSGSEND = YES;
				GCC_C_LANGUAGE_STANDARD = gnu11;
				GCC_NO_COMMON_BLOCKS = YES;
				GCC_WARN_64_TO_32_BIT_CONVERSION = YES;
				GCC_WARN_ABOUT_RETURN_TYPE = YES_ERROR;
				GCC_WARN_UNDECLARED_SELECTOR = YES;
				GCC_WARN_UNINITIALIZED_AUTOS = YES_AGGRESSIVE;
				GCC_WARN_UNUSED_FUNCTION = YES;
				GCC_WARN_UNUSED_VARIABLE = YES;
				IPHONEOS_DEPLOYMENT_TARGET = 12.2;
				MTL_ENABLE_DEBUG_INFO = NO;
				MTL_FAST_MATH = YES;
				SDKROOT = iphoneos;
				SWIFT_COMPILATION_MODE = wholemodule;
				SWIFT_OPTIMIZATION_LEVEL = "-O";
				VALIDATE_PRODUCT = YES;
			};
			name = Release;
		};
		48B9148622CA6FD0003ACD09 /* Debug */ = {
			isa = XCBuildConfiguration;
			baseConfigurationReference = 365ABE6607735FD58C781ADE /* Pods-newsapp.debug.xcconfig */;
			buildSettings = {
				ASSETCATALOG_COMPILER_APPICON_NAME = AppIcon;
				CODE_SIGN_STYLE = Automatic;
				INFOPLIST_FILE = newsapp/Info.plist;
				LD_RUNPATH_SEARCH_PATHS = (
					"$(inherited)",
					"@executable_path/Frameworks",
				);
				PRODUCT_BUNDLE_IDENTIFIER = com.kimjunhyeok.newsapp;
				PRODUCT_NAME = "$(TARGET_NAME)";
				SWIFT_VERSION = 5.0;
				TARGETED_DEVICE_FAMILY = "1,2";
			};
			name = Debug;
		};
		48B9148722CA6FD0003ACD09 /* Release */ = {
			isa = XCBuildConfiguration;
			baseConfigurationReference = BBEBEDA94EB00577E3BCA356 /* Pods-newsapp.release.xcconfig */;
			buildSettings = {
				ASSETCATALOG_COMPILER_APPICON_NAME = AppIcon;
				CODE_SIGN_STYLE = Automatic;
				INFOPLIST_FILE = newsapp/Info.plist;
				LD_RUNPATH_SEARCH_PATHS = (
					"$(inherited)",
					"@executable_path/Frameworks",
				);
				PRODUCT_BUNDLE_IDENTIFIER = com.kimjunhyeok.newsapp;
				PRODUCT_NAME = "$(TARGET_NAME)";
				SWIFT_VERSION = 5.0;
				TARGETED_DEVICE_FAMILY = "1,2";
			};
			name = Release;
		};
		48B9148922CA6FD0003ACD09 /* Debug */ = {
			isa = XCBuildConfiguration;
			baseConfigurationReference = E7414C40FD8F1962D6B0CBE3 /* Pods-newsappTests.debug.xcconfig */;
			buildSettings = {
				ALWAYS_EMBED_SWIFT_STANDARD_LIBRARIES = YES;
				BUNDLE_LOADER = "$(TEST_HOST)";
				CODE_SIGN_STYLE = Automatic;
				INFOPLIST_FILE = newsappTests/Info.plist;
				LD_RUNPATH_SEARCH_PATHS = (
					"$(inherited)",
					"@executable_path/Frameworks",
					"@loader_path/Frameworks",
				);
				PRODUCT_BUNDLE_IDENTIFIER = com.kimjunhyeok.newsappTests;
				PRODUCT_NAME = "$(TARGET_NAME)";
				SWIFT_VERSION = 5.0;
				TARGETED_DEVICE_FAMILY = "1,2";
				TEST_HOST = "$(BUILT_PRODUCTS_DIR)/newsapp.app/newsapp";
			};
			name = Debug;
		};
		48B9148A22CA6FD0003ACD09 /* Release */ = {
			isa = XCBuildConfiguration;
			baseConfigurationReference = DD2343A531E3119BA9717BFB /* Pods-newsappTests.release.xcconfig */;
			buildSettings = {
				ALWAYS_EMBED_SWIFT_STANDARD_LIBRARIES = YES;
				BUNDLE_LOADER = "$(TEST_HOST)";
				CODE_SIGN_STYLE = Automatic;
				INFOPLIST_FILE = newsappTests/Info.plist;
				LD_RUNPATH_SEARCH_PATHS = (
					"$(inherited)",
					"@executable_path/Frameworks",
					"@loader_path/Frameworks",
				);
				PRODUCT_BUNDLE_IDENTIFIER = com.kimjunhyeok.newsappTests;
				PRODUCT_NAME = "$(TARGET_NAME)";
				SWIFT_VERSION = 5.0;
				TARGETED_DEVICE_FAMILY = "1,2";
				TEST_HOST = "$(BUILT_PRODUCTS_DIR)/newsapp.app/newsapp";
			};
			name = Release;
		};
		48B9148C22CA6FD0003ACD09 /* Debug */ = {
			isa = XCBuildConfiguration;
			baseConfigurationReference = 4D015D9FAEC4B447A1A4C0B7 /* Pods-newsappUITests.debug.xcconfig */;
			buildSettings = {
				ALWAYS_EMBED_SWIFT_STANDARD_LIBRARIES = YES;
				CODE_SIGN_STYLE = Automatic;
				INFOPLIST_FILE = newsappUITests/Info.plist;
				LD_RUNPATH_SEARCH_PATHS = (
					"$(inherited)",
					"@executable_path/Frameworks",
					"@loader_path/Frameworks",
				);
				PRODUCT_BUNDLE_IDENTIFIER = com.kimjunhyeok.newsappUITests;
				PRODUCT_NAME = "$(TARGET_NAME)";
				SWIFT_VERSION = 5.0;
				TARGETED_DEVICE_FAMILY = "1,2";
				TEST_TARGET_NAME = newsapp;
			};
			name = Debug;
		};
		48B9148D22CA6FD0003ACD09 /* Release */ = {
			isa = XCBuildConfiguration;
			baseConfigurationReference = 811A3B7591D431136E54CD45 /* Pods-newsappUITests.release.xcconfig */;
			buildSettings = {
				ALWAYS_EMBED_SWIFT_STANDARD_LIBRARIES = YES;
				CODE_SIGN_STYLE = Automatic;
				INFOPLIST_FILE = newsappUITests/Info.plist;
				LD_RUNPATH_SEARCH_PATHS = (
					"$(inherited)",
					"@executable_path/Frameworks",
					"@loader_path/Frameworks",
				);
				PRODUCT_BUNDLE_IDENTIFIER = com.kimjunhyeok.newsappUITests;
				PRODUCT_NAME = "$(TARGET_NAME)";
				SWIFT_VERSION = 5.0;
				TARGETED_DEVICE_FAMILY = "1,2";
				TEST_TARGET_NAME = newsapp;
			};
			name = Release;
		};
/* End XCBuildConfiguration section */

/* Begin XCConfigurationList section */
		48B9145822CA6FCF003ACD09 /* Build configuration list for PBXProject "newsapp" */ = {
			isa = XCConfigurationList;
			buildConfigurations = (
				48B9148322CA6FD0003ACD09 /* Debug */,
				48B9148422CA6FD0003ACD09 /* Release */,
			);
			defaultConfigurationIsVisible = 0;
			defaultConfigurationName = Release;
		};
		48B9148522CA6FD0003ACD09 /* Build configuration list for PBXNativeTarget "newsapp" */ = {
			isa = XCConfigurationList;
			buildConfigurations = (
				48B9148622CA6FD0003ACD09 /* Debug */,
				48B9148722CA6FD0003ACD09 /* Release */,
			);
			defaultConfigurationIsVisible = 0;
			defaultConfigurationName = Release;
		};
		48B9148822CA6FD0003ACD09 /* Build configuration list for PBXNativeTarget "newsappTests" */ = {
			isa = XCConfigurationList;
			buildConfigurations = (
				48B9148922CA6FD0003ACD09 /* Debug */,
				48B9148A22CA6FD0003ACD09 /* Release */,
			);
			defaultConfigurationIsVisible = 0;
			defaultConfigurationName = Release;
		};
		48B9148B22CA6FD0003ACD09 /* Build configuration list for PBXNativeTarget "newsappUITests" */ = {
			isa = XCConfigurationList;
			buildConfigurations = (
				48B9148C22CA6FD0003ACD09 /* Debug */,
				48B9148D22CA6FD0003ACD09 /* Release */,
			);
			defaultConfigurationIsVisible = 0;
			defaultConfigurationName = Release;
		};
/* End XCConfigurationList section */
	};
	rootObject = 48B9145522CA6FCF003ACD09 /* Project object */;
}
